{
  "projects": [
    {
      "projectId": "9Vr5YWkf3w7jj6SsTcCEta",
      "version": "0.8.0",
      "dependencies": {},
      "lang": "js",
      "fileLocks": [
        {
          "assetId": "9Vr5YWkf3w7jj6SsTcCEta",
          "type": "projectCss",
          "checksum": "e1ec850476829c38b0f9b6d4f7ac446a"
        }
      ],
      "codegenVersion": "0.0.1"
    },
    {
      "projectId": "jkU633o1Cz7HrJdwdxhVHk",
      "version": "16.8.0",
      "dependencies": {},
      "lang": "js",
      "fileLocks": [
        {
          "assetId": "jkU633o1Cz7HrJdwdxhVHk",
          "type": "projectCss",
          "checksum": "0581d4378bb1604bb5fe3f65bb0a37de"
        }
      ],
      "codegenVersion": "0.0.1"
    },
    {
      "projectId": "ohDidvG9XsCeFumugENU3J",
      "version": "6.22.0",
      "dependencies": {},
      "lang": "js",
      "fileLocks": [
        {
          "assetId": "ohDidvG9XsCeFumugENU3J",
          "checksum": "de0a0e65174a6a185a8f822af51c6bdd",
          "type": "globalContexts"
        },
        {
          "assetId": "ohDidvG9XsCeFumugENU3J",
          "type": "projectCss",
          "checksum": "fd83b730367fdbde2c69bc6cf31c2a3c"
        }
      ],
      "codegenVersion": "0.0.1"
    },
    {
      "projectId": "m9sTNijpsuGxLr6622n67c",
      "version": "latest",
      "dependencies": {
        "ohDidvG9XsCeFumugENU3J": "6.22.0",
        "jkU633o1Cz7HrJdwdxhVHk": "16.8.0",
        "9Vr5YWkf3w7jj6SsTcCEta": "0.8.0",
        "7nJ7UcFmq9UzB6eXfC5z4a": "0.26.0",
        "caTPwKxj5ZrD9LQ7DMdK4Z": "3.34.0",
        "sqPBLwEBBKHA2WDuGb17eV": "0.10.0",
        "3m3vFk1dnCzZnwT8k489Jy": "0.1.0"
      },
      "lang": "js",
      "fileLocks": [
        {
          "type": "globalVariant",
          "assetId": "g9NO4kkMLSC_",
          "checksum": "1a5c324fe85355a0d98fe0c67e86fee1"
        },
        {
          "assetId": "m9sTNijpsuGxLr6622n67c",
          "checksum": "5f1312281dce26137d06abb6f788746d",
          "type": "globalContexts"
        },
        {
          "type": "renderModule",
          "assetId": "T0kg29-yPouZ",
          "checksum": "e6180f7f6ff738417044c919836c8007"
        },
        {
          "type": "cssRules",
          "assetId": "T0kg29-yPouZ",
          "checksum": "e6180f7f6ff738417044c919836c8007"
        },
        {
          "type": "renderModule",
          "assetId": "x2bZy_YU1m2F",
          "checksum": "8c747d050b17b972c6176b12cd082eda"
        },
        {
          "type": "cssRules",
          "assetId": "x2bZy_YU1m2F",
          "checksum": "8c747d050b17b972c6176b12cd082eda"
        },
        {
          "type": "icon",
          "assetId": "z0d4lWpvWIWq",
          "checksum": "72768451ba046962f4b4acc8710bacd9"
        },
        {
          "type": "icon",
          "assetId": "puPXHFXRRCFt",
          "checksum": "8e8f22bf0d96408e074c499a0ad8a58f"
        },
        {
          "type": "renderModule",
          "assetId": "3gDeoVff23-u",
          "checksum": "8dbf2907a1795e96584d4191d4734857"
        },
        {
          "type": "cssRules",
          "assetId": "3gDeoVff23-u",
          "checksum": "8dbf2907a1795e96584d4191d4734857"
        },
        {
          "type": "renderModule",
          "assetId": "hnqvFgiVnaZy",
          "checksum": "92afa878ce8bccbaff0600bb9c21c521"
        },
        {
          "type": "cssRules",
          "assetId": "hnqvFgiVnaZy",
          "checksum": "92afa878ce8bccbaff0600bb9c21c521"
        },
        {
          "type": "renderModule",
          "assetId": "v34VzxljCSke",
          "checksum": "653500f1c2689c7423303e208373b79e"
        },
        {
          "type": "cssRules",
          "assetId": "v34VzxljCSke",
          "checksum": "653500f1c2689c7423303e208373b79e"
        },
        {
          "type": "renderModule",
          "assetId": "jeKLErA7oK4P",
          "checksum": "f950e01615abebcbe15fc6d27635ff11"
        },
        {
          "type": "cssRules",
          "assetId": "jeKLErA7oK4P",
          "checksum": "f950e01615abebcbe15fc6d27635ff11"
        },
        {
          "type": "renderModule",
          "assetId": "8T8zBtcWG137",
          "checksum": "825932447e556b2ad8f25a9ef70fd03a"
        },
        {
          "type": "cssRules",
          "assetId": "8T8zBtcWG137",
          "checksum": "825932447e556b2ad8f25a9ef70fd03a"
        },
        {
          "type": "renderModule",
          "assetId": "rF_Xax__8Mke",
          "checksum": "c22f7975b4e37ad5253404cd295f75d3"
        },
        {
          "type": "cssRules",
          "assetId": "rF_Xax__8Mke",
          "checksum": "c22f7975b4e37ad5253404cd295f75d3"
        },
        {
          "type": "renderModule",
          "assetId": "vQVS53MpXGDW",
          "checksum": "e26bb67db78ba050ab2d342df9bc5716"
        },
        {
          "type": "cssRules",
          "assetId": "vQVS53MpXGDW",
          "checksum": "e26bb67db78ba050ab2d342df9bc5716"
        },
        {
          "type": "renderModule",
          "assetId": "5r_sXaPlWptQ",
          "checksum": "743268bbcf198c20260ecde053d7f69b"
        },
        {
          "type": "cssRules",
          "assetId": "5r_sXaPlWptQ",
          "checksum": "743268bbcf198c20260ecde053d7f69b"
        },
        {
          "type": "renderModule",
          "assetId": "immbM_V6pqdI",
          "checksum": "4e952e989ec5cd9a9f89a896ced5d17d"
        },
        {
          "type": "cssRules",
          "assetId": "immbM_V6pqdI",
          "checksum": "4e952e989ec5cd9a9f89a896ced5d17d"
        },
        {
          "type": "renderModule",
          "assetId": "RaTKz2K_9ZYl",
          "checksum": "6f35d259d5820bd7493daed1ce8d56c2"
        },
        {
          "type": "cssRules",
          "assetId": "RaTKz2K_9ZYl",
          "checksum": "6f35d259d5820bd7493daed1ce8d56c2"
        },
        {
          "type": "renderModule",
          "assetId": "PUOjAEVuITrD",
          "checksum": "42383188a7ef2e164248c81eae2d3894"
        },
        {
          "type": "cssRules",
          "assetId": "PUOjAEVuITrD",
          "checksum": "42383188a7ef2e164248c81eae2d3894"
        },
        {
          "type": "renderModule",
          "assetId": "Opbu8x8Fhlnu",
          "checksum": "2084d80c4b1cd3fe9f43e66f0e124a50"
        },
        {
          "type": "cssRules",
          "assetId": "Opbu8x8Fhlnu",
          "checksum": "2084d80c4b1cd3fe9f43e66f0e124a50"
        },
        {
          "type": "renderModule",
          "assetId": "NP6K4NtaonuD",
          "checksum": "2843283bd4a10b8cd67ca87d73d66ca2"
        },
        {
          "type": "cssRules",
          "assetId": "NP6K4NtaonuD",
          "checksum": "2843283bd4a10b8cd67ca87d73d66ca2"
        },
        {
          "type": "icon",
          "assetId": "eyzbVQoHo2Nf",
          "checksum": "a317f46b2c141f7653e9fef2e9bc9330"
        },
        {
          "type": "icon",
          "assetId": "RVXSS9djA5MC",
          "checksum": "4ccb2bb4d6f71fd218b65809a50bc4a4"
        },
        {
          "type": "renderModule",
          "assetId": "iB4rR5cgbkRc",
          "checksum": "861b0f777051341d8a63e0607b7c925a"
        },
        {
          "type": "cssRules",
          "assetId": "iB4rR5cgbkRc",
          "checksum": "861b0f777051341d8a63e0607b7c925a"
        },
        {
          "type": "renderModule",
          "assetId": "HNh49Ai2o5aV",
          "checksum": "535ef6e51ed834eaec11ef479375a25c"
        },
        {
          "type": "cssRules",
          "assetId": "HNh49Ai2o5aV",
          "checksum": "535ef6e51ed834eaec11ef479375a25c"
        },
        {
          "assetId": "m9sTNijpsuGxLr6622n67c",
          "type": "projectCss",
          "checksum": "5eff4806824a376d98bf9497bccb83f8"
        }
      ],
      "codegenVersion": "0.0.1"
    },
    {
      "projectId": "7nJ7UcFmq9UzB6eXfC5z4a",
      "version": "0.26.0",
      "dependencies": {},
      "lang": "js",
      "fileLocks": [
        {
          "assetId": "7nJ7UcFmq9UzB6eXfC5z4a",
          "type": "projectCss",
          "checksum": "05587b57f22f0ec8bb54543deb39762e"
        }
      ],
      "codegenVersion": "0.0.1"
    },
    {
      "projectId": "caTPwKxj5ZrD9LQ7DMdK4Z",
      "version": "3.34.0",
      "dependencies": {},
      "lang": "js",
      "fileLocks": [
        {
          "assetId": "caTPwKxj5ZrD9LQ7DMdK4Z",
          "type": "projectCss",
          "checksum": "e1ec850476829c38b0f9b6d4f7ac446a"
        }
      ],
      "codegenVersion": "0.0.1"
    },
    {
      "projectId": "3m3vFk1dnCzZnwT8k489Jy",
      "version": "0.1.0",
      "dependencies": {},
      "lang": "js",
      "fileLocks": [
        {
          "assetId": "3m3vFk1dnCzZnwT8k489Jy",
          "type": "projectCss",
          "checksum": "e1ec850476829c38b0f9b6d4f7ac446a"
        }
      ],
      "codegenVersion": "0.0.1"
    },
    {
      "projectId": "sqPBLwEBBKHA2WDuGb17eV",
      "version": "0.10.0",
      "dependencies": {},
      "lang": "js",
      "fileLocks": [
        {
          "type": "renderModule",
          "assetId": "5nirPCGmCnRD",
          "checksum": "ee7e08729f1dc171f995cf94e148f481"
        },
        {
          "type": "cssRules",
          "assetId": "5nirPCGmCnRD",
          "checksum": "ee7e08729f1dc171f995cf94e148f481"
        },
        {
          "type": "icon",
          "assetId": "Wyt3GMMsLefj",
          "checksum": "d8c88f04735c43b3f7790b0889d20e0c"
        },
        {
          "type": "icon",
          "assetId": "MbDRsJU0e3bw",
          "checksum": "92672aa6935120ebaac11939d8d127bb"
        },
        {
          "assetId": "sqPBLwEBBKHA2WDuGb17eV",
          "type": "projectCss",
          "checksum": "e1ec850476829c38b0f9b6d4f7ac446a"
        }
      ],
      "codegenVersion": "0.0.1"
    }
  ],
  "cliVersion": "0.1.327"
}
